// !$*UTF8*$!
{
	archiveVersion = 1;
	classes = {
	};
	objectVersion = 77;
	objects = {

/* Begin PBXBuildFile section */
		CB03581A2D522E5300219898 /* ScriptView2.swift in Sources */ = {isa = PBXBuildFile; fileRef = CB0358192D522E4800219898 /* ScriptView2.swift */; };
		CB3F62902D44CC2B00F51318 /* TitleView.swift in Sources */ = {isa = PBXBuildFile; fileRef = CB3F628F2D44CC2B00F51318 /* TitleView.swift */; };
		CB3F62922D44D6B100F51318 /* FavoritesManager.swift in Sources */ = {isa = PBXBuildFile; fileRef = CB3F62912D44D6A300F51318 /* FavoritesManager.swift */; };
		CB3F62962D44DEE400F51318 /* ScriptRowView.swift in Sources */ = {isa = PBXBuildFile; fileRef = CB3F62952D44DEDC00F51318 /* ScriptRowView.swift */; };
		CB524FA22D40F7B900794AB4 /* DetailPage.swift in Sources */ = {isa = PBXBuildFile; fileRef = CB524F932D40F7B900794AB4 /* DetailPage.swift */; };
		CB524FA32D40F7B900794AB4 /* Script.swift in Sources */ = {isa = PBXBuildFile; fileRef = CB524F952D40F7B900794AB4 /* Script.swift */; };
		CB524FA42D40F7B900794AB4 /* ScriptView.swift in Sources */ = {isa = PBXBuildFile; fileRef = CB524F9A2D40F7B900794AB4 /* ScriptView.swift */; };
		CB524FA62D40F7B900794AB4 /* DaeBakApp.swift in Sources */ = {isa = PBXBuildFile; fileRef = CB524F9F2D40F7B900794AB4 /* DaeBakApp.swift */; };
		CB524FA72D40F7B900794AB4 /* Preview Assets.xcassets in Resources */ = {isa = PBXBuildFile; fileRef = CB524F972D40F7B900794AB4 /* Preview Assets.xcassets */; };
		CB524FA82D40F7B900794AB4 /* testScript.json in Resources */ = {isa = PBXBuildFile; fileRef = CB524F982D40F7B900794AB4 /* testScript.json */; };
		CB524FA92D40F7B900794AB4 /* Assets.xcassets in Resources */ = {isa = PBXBuildFile; fileRef = CB524F9D2D40F7B900794AB4 /* Assets.xcassets */; };
		CB524FAC2D40F9AA00794AB4 /* ArtistListView.swift in Sources */ = {isa = PBXBuildFile; fileRef = CB524FAB2D40F9AA00794AB4 /* ArtistListView.swift */; };
		CB524FAE2D40FA3D00794AB4 /* Artist.swift in Sources */ = {isa = PBXBuildFile; fileRef = CB524FAD2D40FA3200794AB4 /* Artist.swift */; };
		CB524FB02D4155C500794AB4 /* ScriptListView.swift in Sources */ = {isa = PBXBuildFile; fileRef = CB524FAF2D4155C500794AB4 /* ScriptListView.swift */; };
		CB524FB22D415AE800794AB4 /* YoutubeView.swift in Sources */ = {isa = PBXBuildFile; fileRef = CB524FB12D415AE800794AB4 /* YoutubeView.swift */; };
		CB524FB42D42460000794AB4 /* MarkView.swift in Sources */ = {isa = PBXBuildFile; fileRef = CB524FB32D42460000794AB4 /* MarkView.swift */; };
		CB6337F62D48C3DE00E20BA9 /* TimestampView.swift in Sources */ = {isa = PBXBuildFile; fileRef = CB6337F52D48C3DE00E20BA9 /* TimestampView.swift */; };
		CB7834942D395772006D8379 /* YouTubePlayerKit in Frameworks */ = {isa = PBXBuildFile; productRef = CB7834932D395772006D8379 /* YouTubePlayerKit */; };
		CBB3CC0D2D82C430007B15A3 /* RequestFormView.swift in Sources */ = {isa = PBXBuildFile; fileRef = CBB3CC0C2D82C41E007B15A3 /* RequestFormView.swift */; };
		CBF97A3D2D4E188F007FC41A /* StartLoadingView.swift in Sources */ = {isa = PBXBuildFile; fileRef = CBF97A3C2D4E188F007FC41A /* StartLoadingView.swift */; };
		CBF97A4B2D4F163E007FC41A /* Color.swift in Sources */ = {isa = PBXBuildFile; fileRef = CBF97A4A2D4F163E007FC41A /* Color.swift */; };
/* End PBXBuildFile section */

/* Begin PBXContainerItemProxy section */
		CBC69AD72D3516EB0007B350 /* PBXContainerItemProxy */ = {
			isa = PBXContainerItemProxy;
			containerPortal = CBC69ABA2D3516EA0007B350 /* Project object */;
			proxyType = 1;
			remoteGlobalIDString = CBC69AC12D3516EA0007B350;
			remoteInfo = DaeBak;
		};
		CBC69AE12D3516EB0007B350 /* PBXContainerItemProxy */ = {
			isa = PBXContainerItemProxy;
			containerPortal = CBC69ABA2D3516EA0007B350 /* Project object */;
			proxyType = 1;
			remoteGlobalIDString = CBC69AC12D3516EA0007B350;
			remoteInfo = DaeBak;
		};
/* End PBXContainerItemProxy section */

/* Begin PBXFileReference section */
		CB0358192D522E4800219898 /* ScriptView2.swift */ = {isa = PBXFileReference; lastKnownFileType = sourcecode.swift; path = ScriptView2.swift; sourceTree = "<group>"; };
		CB3F628F2D44CC2B00F51318 /* TitleView.swift */ = {isa = PBXFileReference; lastKnownFileType = sourcecode.swift; path = TitleView.swift; sourceTree = "<group>"; };
		CB3F62912D44D6A300F51318 /* FavoritesManager.swift */ = {isa = PBXFileReference; lastKnownFileType = sourcecode.swift; path = FavoritesManager.swift; sourceTree = "<group>"; };
		CB3F62952D44DEDC00F51318 /* ScriptRowView.swift */ = {isa = PBXFileReference; lastKnownFileType = sourcecode.swift; path = ScriptRowView.swift; sourceTree = "<group>"; };
		CB524F932D40F7B900794AB4 /* DetailPage.swift */ = {isa = PBXFileReference; lastKnownFileType = sourcecode.swift; path = DetailPage.swift; sourceTree = "<group>"; };
		CB524F952D40F7B900794AB4 /* Script.swift */ = {isa = PBXFileReference; lastKnownFileType = sourcecode.swift; path = Script.swift; sourceTree = "<group>"; };
		CB524F972D40F7B900794AB4 /* Preview Assets.xcassets */ = {isa = PBXFileReference; lastKnownFileType = folder.assetcatalog; path = "Preview Assets.xcassets"; sourceTree = "<group>"; };
		CB524F982D40F7B900794AB4 /* testScript.json */ = {isa = PBXFileReference; lastKnownFileType = text.json; path = testScript.json; sourceTree = "<group>"; };
		CB524F9A2D40F7B900794AB4 /* ScriptView.swift */ = {isa = PBXFileReference; lastKnownFileType = sourcecode.swift; path = ScriptView.swift; sourceTree = "<group>"; };
		CB524F9D2D40F7B900794AB4 /* Assets.xcassets */ = {isa = PBXFileReference; lastKnownFileType = folder.assetcatalog; path = Assets.xcassets; sourceTree = "<group>"; };
		CB524F9E2D40F7B900794AB4 /* DaeBak.entitlements */ = {isa = PBXFileReference; lastKnownFileType = text.plist.entitlements; path = DaeBak.entitlements; sourceTree = "<group>"; };
		CB524F9F2D40F7B900794AB4 /* DaeBakApp.swift */ = {isa = PBXFileReference; lastKnownFileType = sourcecode.swift; path = DaeBakApp.swift; sourceTree = "<group>"; };
		CB524FA02D40F7B900794AB4 /* Info.plist */ = {isa = PBXFileReference; lastKnownFileType = text.plist.xml; path = Info.plist; sourceTree = "<group>"; };
		CB524FAB2D40F9AA00794AB4 /* ArtistListView.swift */ = {isa = PBXFileReference; lastKnownFileType = sourcecode.swift; path = ArtistListView.swift; sourceTree = "<group>"; };
		CB524FAD2D40FA3200794AB4 /* Artist.swift */ = {isa = PBXFileReference; lastKnownFileType = sourcecode.swift; path = Artist.swift; sourceTree = "<group>"; };
		CB524FAF2D4155C500794AB4 /* ScriptListView.swift */ = {isa = PBXFileReference; lastKnownFileType = sourcecode.swift; path = ScriptListView.swift; sourceTree = "<group>"; };
		CB524FB12D415AE800794AB4 /* YoutubeView.swift */ = {isa = PBXFileReference; lastKnownFileType = sourcecode.swift; path = YoutubeView.swift; sourceTree = "<group>"; };
		CB524FB32D42460000794AB4 /* MarkView.swift */ = {isa = PBXFileReference; lastKnownFileType = sourcecode.swift; path = MarkView.swift; sourceTree = "<group>"; };
		CB6337F52D48C3DE00E20BA9 /* TimestampView.swift */ = {isa = PBXFileReference; lastKnownFileType = sourcecode.swift; path = TimestampView.swift; sourceTree = "<group>"; };
		CBB3CC0C2D82C41E007B15A3 /* RequestFormView.swift */ = {isa = PBXFileReference; lastKnownFileType = sourcecode.swift; path = RequestFormView.swift; sourceTree = "<group>"; };
		CBC69AC22D3516EA0007B350 /* DaeBak.app */ = {isa = PBXFileReference; explicitFileType = wrapper.application; includeInIndex = 0; path = DaeBak.app; sourceTree = BUILT_PRODUCTS_DIR; };
		CBC69AD62D3516EB0007B350 /* DaeBakTests.xctest */ = {isa = PBXFileReference; explicitFileType = wrapper.cfbundle; includeInIndex = 0; path = DaeBakTests.xctest; sourceTree = BUILT_PRODUCTS_DIR; };
		CBC69AE02D3516EB0007B350 /* DaeBakUITests.xctest */ = {isa = PBXFileReference; explicitFileType = wrapper.cfbundle; includeInIndex = 0; path = DaeBakUITests.xctest; sourceTree = BUILT_PRODUCTS_DIR; };
		CBF97A3C2D4E188F007FC41A /* StartLoadingView.swift */ = {isa = PBXFileReference; lastKnownFileType = sourcecode.swift; path = StartLoadingView.swift; sourceTree = "<group>"; };
		CBF97A4A2D4F163E007FC41A /* Color.swift */ = {isa = PBXFileReference; lastKnownFileType = sourcecode.swift; path = Color.swift; sourceTree = "<group>"; };
/* End PBXFileReference section */

/* Begin PBXFileSystemSynchronizedRootGroup section */
		CBC69AD92D3516EB0007B350 /* DaeBakTests */ = {
			isa = PBXFileSystemSynchronizedRootGroup;
			path = DaeBakTests;
			sourceTree = "<group>";
		};
		CBC69AE32D3516EB0007B350 /* DaeBakUITests */ = {
			isa = PBXFileSystemSynchronizedRootGroup;
			path = DaeBakUITests;
			sourceTree = "<group>";
		};
/* End PBXFileSystemSynchronizedRootGroup section */

/* Begin PBXFrameworksBuildPhase section */
		CBC69ABF2D3516EA0007B350 /* Frameworks */ = {
			isa = PBXFrameworksBuildPhase;
			buildActionMask = 2147483647;
			files = (
				CB7834942D395772006D8379 /* YouTubePlayerKit in Frameworks */,
			);
			runOnlyForDeploymentPostprocessing = 0;
		};
		CBC69AD32D3516EB0007B350 /* Frameworks */ = {
			isa = PBXFrameworksBuildPhase;
			buildActionMask = 2147483647;
			files = (
			);
			runOnlyForDeploymentPostprocessing = 0;
		};
		CBC69ADD2D3516EB0007B350 /* Frameworks */ = {
			isa = PBXFrameworksBuildPhase;
			buildActionMask = 2147483647;
			files = (
			);
			runOnlyForDeploymentPostprocessing = 0;
		};
/* End PBXFrameworksBuildPhase section */

/* Begin PBXGroup section */
		CB524F942D40F7B900794AB4 /* MainView */ = {
			isa = PBXGroup;
			children = (
				CB524FAB2D40F9AA00794AB4 /* ArtistListView.swift */,
				CB524FAF2D4155C500794AB4 /* ScriptListView.swift */,
				CB524F932D40F7B900794AB4 /* DetailPage.swift */,
				CBF97A3C2D4E188F007FC41A /* StartLoadingView.swift */,
			);
			path = MainView;
			sourceTree = "<group>";
		};
		CB524F962D40F7B900794AB4 /* Model */ = {
			isa = PBXGroup;
			children = (
				CB3F62912D44D6A300F51318 /* FavoritesManager.swift */,
				CB524FAD2D40FA3200794AB4 /* Artist.swift */,
				CB524F952D40F7B900794AB4 /* Script.swift */,
			);
			path = Model;
			sourceTree = "<group>";
		};
		CB524F992D40F7B900794AB4 /* Preview Content */ = {
			isa = PBXGroup;
			children = (
				CB524F972D40F7B900794AB4 /* Preview Assets.xcassets */,
				CB524F982D40F7B900794AB4 /* testScript.json */,
			);
			path = "Preview Content";
			sourceTree = "<group>";
		};
		CB524F9C2D40F7B900794AB4 /* ViewSource */ = {
			isa = PBXGroup;
			children = (
				CBB3CC0C2D82C41E007B15A3 /* RequestFormView.swift */,
				CB0358192D522E4800219898 /* ScriptView2.swift */,
				CB524F9A2D40F7B900794AB4 /* ScriptView.swift */,
				CB3F62952D44DEDC00F51318 /* ScriptRowView.swift */,
				CB524FB12D415AE800794AB4 /* YoutubeView.swift */,
				CB524FB32D42460000794AB4 /* MarkView.swift */,
				CB3F628F2D44CC2B00F51318 /* TitleView.swift */,
				CBF97A4A2D4F163E007FC41A /* Color.swift */,
				CB6337F52D48C3DE00E20BA9 /* TimestampView.swift */,
			);
			path = ViewSource;
			sourceTree = "<group>";
		};
		CB524FA12D40F7B900794AB4 /* DaeBak */ = {
			isa = PBXGroup;
			children = (
				CB524F962D40F7B900794AB4 /* Model */,
				CB524F942D40F7B900794AB4 /* MainView */,
				CB524F9C2D40F7B900794AB4 /* ViewSource */,
				CB524F992D40F7B900794AB4 /* Preview Content */,
				CB524F9F2D40F7B900794AB4 /* DaeBakApp.swift */,
				CB524F9D2D40F7B900794AB4 /* Assets.xcassets */,
				CB524F9E2D40F7B900794AB4 /* DaeBak.entitlements */,
				CB524FA02D40F7B900794AB4 /* Info.plist */,
			);
			path = DaeBak;
			sourceTree = "<group>";
		};
		CBC69AB92D3516EA0007B350 = {
			isa = PBXGroup;
			children = (
				CB524FA12D40F7B900794AB4 /* DaeBak */,
				CBC69AD92D3516EB0007B350 /* DaeBakTests */,
				CBC69AE32D3516EB0007B350 /* DaeBakUITests */,
				CBC69AC32D3516EA0007B350 /* Products */,
			);
			sourceTree = "<group>";
		};
		CBC69AC32D3516EA0007B350 /* Products */ = {
			isa = PBXGroup;
			children = (
				CBC69AC22D3516EA0007B350 /* DaeBak.app */,
				CBC69AD62D3516EB0007B350 /* DaeBakTests.xctest */,
				CBC69AE02D3516EB0007B350 /* DaeBakUITests.xctest */,
			);
			name = Products;
			sourceTree = "<group>";
		};
/* End PBXGroup section */

/* Begin PBXNativeTarget section */
		CBC69AC12D3516EA0007B350 /* DaeBak */ = {
			isa = PBXNativeTarget;
			buildConfigurationList = CBC69AE92D3516EB0007B350 /* Build configuration list for PBXNativeTarget "DaeBak" */;
			buildPhases = (
				CBC69ABE2D3516EA0007B350 /* Sources */,
				CBC69ABF2D3516EA0007B350 /* Frameworks */,
				CBC69AC02D3516EA0007B350 /* Resources */,
			);
			buildRules = (
			);
			dependencies = (
			);
			name = DaeBak;
			packageProductDependencies = (
				CB7834932D395772006D8379 /* YouTubePlayerKit */,
			);
			productName = DaeBak;
			productReference = CBC69AC22D3516EA0007B350 /* DaeBak.app */;
			productType = "com.apple.product-type.application";
		};
		CBC69AD52D3516EB0007B350 /* DaeBakTests */ = {
			isa = PBXNativeTarget;
			buildConfigurationList = CBC69AEE2D3516EB0007B350 /* Build configuration list for PBXNativeTarget "DaeBakTests" */;
			buildPhases = (
				CBC69AD22D3516EB0007B350 /* Sources */,
				CBC69AD32D3516EB0007B350 /* Frameworks */,
				CBC69AD42D3516EB0007B350 /* Resources */,
			);
			buildRules = (
			);
			dependencies = (
				CBC69AD82D3516EB0007B350 /* PBXTargetDependency */,
			);
			fileSystemSynchronizedGroups = (
				CBC69AD92D3516EB0007B350 /* DaeBakTests */,
			);
			name = DaeBakTests;
			packageProductDependencies = (
			);
			productName = DaeBakTests;
			productReference = CBC69AD62D3516EB0007B350 /* DaeBakTests.xctest */;
			productType = "com.apple.product-type.bundle.unit-test";
		};
		CBC69ADF2D3516EB0007B350 /* DaeBakUITests */ = {
			isa = PBXNativeTarget;
			buildConfigurationList = CBC69AF12D3516EB0007B350 /* Build configuration list for PBXNativeTarget "DaeBakUITests" */;
			buildPhases = (
				CBC69ADC2D3516EB0007B350 /* Sources */,
				CBC69ADD2D3516EB0007B350 /* Frameworks */,
				CBC69ADE2D3516EB0007B350 /* Resources */,
			);
			buildRules = (
			);
			dependencies = (
				CBC69AE22D3516EB0007B350 /* PBXTargetDependency */,
			);
			fileSystemSynchronizedGroups = (
				CBC69AE32D3516EB0007B350 /* DaeBakUITests */,
			);
			name = DaeBakUITests;
			packageProductDependencies = (
			);
			productName = DaeBakUITests;
			productReference = CBC69AE02D3516EB0007B350 /* DaeBakUITests.xctest */;
			productType = "com.apple.product-type.bundle.ui-testing";
		};
/* End PBXNativeTarget section */

/* Begin PBXProject section */
		CBC69ABA2D3516EA0007B350 /* Project object */ = {
			isa = PBXProject;
			attributes = {
				BuildIndependentTargetsInParallel = 1;
				LastSwiftUpdateCheck = 1620;
				LastUpgradeCheck = 1620;
				TargetAttributes = {
					CBC69AC12D3516EA0007B350 = {
						CreatedOnToolsVersion = 16.2;
					};
					CBC69AD52D3516EB0007B350 = {
						CreatedOnToolsVersion = 16.2;
						TestTargetID = CBC69AC12D3516EA0007B350;
					};
					CBC69ADF2D3516EB0007B350 = {
						CreatedOnToolsVersion = 16.2;
						TestTargetID = CBC69AC12D3516EA0007B350;
					};
				};
			};
			buildConfigurationList = CBC69ABD2D3516EA0007B350 /* Build configuration list for PBXProject "DaeBak" */;
			developmentRegion = en;
			hasScannedForEncodings = 0;
			knownRegions = (
				en,
				Base,
			);
			mainGroup = CBC69AB92D3516EA0007B350;
			minimizedProjectReferenceProxies = 1;
			packageReferences = (
				CB7834922D395772006D8379 /* XCRemoteSwiftPackageReference "YouTubePlayerKit" */,
			);
			preferredProjectObjectVersion = 77;
			productRefGroup = CBC69AC32D3516EA0007B350 /* Products */;
			projectDirPath = "";
			projectRoot = "";
			targets = (
				CBC69AC12D3516EA0007B350 /* DaeBak */,
				CBC69AD52D3516EB0007B350 /* DaeBakTests */,
				CBC69ADF2D3516EB0007B350 /* DaeBakUITests */,
			);
		};
/* End PBXProject section */

/* Begin PBXResourcesBuildPhase section */
		CBC69AC02D3516EA0007B350 /* Resources */ = {
			isa = PBXResourcesBuildPhase;
			buildActionMask = 2147483647;
			files = (
				CB524FA72D40F7B900794AB4 /* Preview Assets.xcassets in Resources */,
				CB524FA82D40F7B900794AB4 /* testScript.json in Resources */,
				CB524FA92D40F7B900794AB4 /* Assets.xcassets in Resources */,
			);
			runOnlyForDeploymentPostprocessing = 0;
		};
		CBC69AD42D3516EB0007B350 /* Resources */ = {
			isa = PBXResourcesBuildPhase;
			buildActionMask = 2147483647;
			files = (
			);
			runOnlyForDeploymentPostprocessing = 0;
		};
		CBC69ADE2D3516EB0007B350 /* Resources */ = {
			isa = PBXResourcesBuildPhase;
			buildActionMask = 2147483647;
			files = (
			);
			runOnlyForDeploymentPostprocessing = 0;
		};
/* End PBXResourcesBuildPhase section */

/* Begin PBXSourcesBuildPhase section */
		CBC69ABE2D3516EA0007B350 /* Sources */ = {
			isa = PBXSourcesBuildPhase;
			buildActionMask = 2147483647;
			files = (
				CB524FA22D40F7B900794AB4 /* DetailPage.swift in Sources */,
				CB3F62922D44D6B100F51318 /* FavoritesManager.swift in Sources */,
				CB3F62962D44DEE400F51318 /* ScriptRowView.swift in Sources */,
				CB524FB22D415AE800794AB4 /* YoutubeView.swift in Sources */,
				CBF97A3D2D4E188F007FC41A /* StartLoadingView.swift in Sources */,
				CB524FA32D40F7B900794AB4 /* Script.swift in Sources */,
				CB524FA42D40F7B900794AB4 /* ScriptView.swift in Sources */,
				CBF97A4B2D4F163E007FC41A /* Color.swift in Sources */,
				CB524FAC2D40F9AA00794AB4 /* ArtistListView.swift in Sources */,
				CB524FB02D4155C500794AB4 /* ScriptListView.swift in Sources */,
				CB524FB42D42460000794AB4 /* MarkView.swift in Sources */,
				CB524FA62D40F7B900794AB4 /* DaeBakApp.swift in Sources */,
				CB524FAE2D40FA3D00794AB4 /* Artist.swift in Sources */,
				CB6337F62D48C3DE00E20BA9 /* TimestampView.swift in Sources */,
				CB03581A2D522E5300219898 /* ScriptView2.swift in Sources */,
				CBB3CC0D2D82C430007B15A3 /* RequestFormView.swift in Sources */,
				CB3F62902D44CC2B00F51318 /* TitleView.swift in Sources */,
			);
			runOnlyForDeploymentPostprocessing = 0;
		};
		CBC69AD22D3516EB0007B350 /* Sources */ = {
			isa = PBXSourcesBuildPhase;
			buildActionMask = 2147483647;
			files = (
			);
			runOnlyForDeploymentPostprocessing = 0;
		};
		CBC69ADC2D3516EB0007B350 /* Sources */ = {
			isa = PBXSourcesBuildPhase;
			buildActionMask = 2147483647;
			files = (
			);
			runOnlyForDeploymentPostprocessing = 0;
		};
/* End PBXSourcesBuildPhase section */

/* Begin PBXTargetDependency section */
		CBC69AD82D3516EB0007B350 /* PBXTargetDependency */ = {
			isa = PBXTargetDependency;
			target = CBC69AC12D3516EA0007B350 /* DaeBak */;
			targetProxy = CBC69AD72D3516EB0007B350 /* PBXContainerItemProxy */;
		};
		CBC69AE22D3516EB0007B350 /* PBXTargetDependency */ = {
			isa = PBXTargetDependency;
			target = CBC69AC12D3516EA0007B350 /* DaeBak */;
			targetProxy = CBC69AE12D3516EB0007B350 /* PBXContainerItemProxy */;
		};
/* End PBXTargetDependency section */

/* Begin XCBuildConfiguration section */
		CBC69AEA2D3516EB0007B350 /* Debug */ = {
			isa = XCBuildConfiguration;
			buildSettings = {
				ASSETCATALOG_COMPILER_APPICON_NAME = AppIcon;
				ASSETCATALOG_COMPILER_GLOBAL_ACCENT_COLOR_NAME = AccentColor;
				CODE_SIGN_ENTITLEMENTS = DaeBak/DaeBak.entitlements;
				CODE_SIGN_STYLE = Automatic;
				CURRENT_PROJECT_VERSION = 1;
				DEVELOPMENT_ASSET_PATHS = "\"DaeBak/Preview Content\"";
				DEVELOPMENT_TEAM = M77NF8ZX2R;
				ENABLE_HARDENED_RUNTIME = YES;
				ENABLE_PREVIEWS = YES;
				GENERATE_INFOPLIST_FILE = YES;
				INFOPLIST_FILE = DaeBak/Info.plist;
				INFOPLIST_KEY_CFBundleDisplayName = DBak;
				INFOPLIST_KEY_LSApplicationCategoryType = "public.app-category.entertainment";
				"INFOPLIST_KEY_UIApplicationSceneManifest_Generation[sdk=iphoneos*]" = YES;
				"INFOPLIST_KEY_UIApplicationSceneManifest_Generation[sdk=iphonesimulator*]" = YES;
				"INFOPLIST_KEY_UIApplicationSupportsIndirectInputEvents[sdk=iphoneos*]" = YES;
				"INFOPLIST_KEY_UIApplicationSupportsIndirectInputEvents[sdk=iphonesimulator*]" = YES;
				"INFOPLIST_KEY_UILaunchScreen_Generation[sdk=iphoneos*]" = YES;
				"INFOPLIST_KEY_UILaunchScreen_Generation[sdk=iphonesimulator*]" = YES;
				"INFOPLIST_KEY_UIStatusBarStyle[sdk=iphoneos*]" = UIStatusBarStyleDefault;
				"INFOPLIST_KEY_UIStatusBarStyle[sdk=iphonesimulator*]" = UIStatusBarStyleDefault;
				INFOPLIST_KEY_UISupportedInterfaceOrientations = "UIInterfaceOrientationLandscapeLeft UIInterfaceOrientationLandscapeRight UIInterfaceOrientationPortrait";
				INFOPLIST_KEY_UISupportedInterfaceOrientations_iPad = "UIInterfaceOrientationLandscapeLeft UIInterfaceOrientationLandscapeRight UIInterfaceOrientationPortrait UIInterfaceOrientationPortraitUpsideDown";
				IPHONEOS_DEPLOYMENT_TARGET = 17.6;
				LD_RUNPATH_SEARCH_PATHS = "@executable_path/Frameworks";
				"LD_RUNPATH_SEARCH_PATHS[sdk=macosx*]" = "@executable_path/../Frameworks";
				MACOSX_DEPLOYMENT_TARGET = 14.0;
				MARKETING_VERSION = 1.0.4;
				PRODUCT_BUNDLE_IDENTIFIER = com.myeongjin.DaeBak;
				PRODUCT_NAME = "$(TARGET_NAME)";
				SDKROOT = auto;
				SUPPORTED_PLATFORMS = "iphoneos iphonesimulator";
				SUPPORTS_MACCATALYST = NO;
				SWIFT_EMIT_LOC_STRINGS = YES;
				SWIFT_VERSION = 5.0;
				TARGETED_DEVICE_FAMILY = 1;
				XROS_DEPLOYMENT_TARGET = 2.2;
			};
			name = Debug;
		};
		CBC69AEB2D3516EB0007B350 /* Release */ = {
			isa = XCBuildConfiguration;
			buildSettings = {
				ASSETCATALOG_COMPILER_APPICON_NAME = AppIcon;
				ASSETCATALOG_COMPILER_GLOBAL_ACCENT_COLOR_NAME = AccentColor;
				CODE_SIGN_ENTITLEMENTS = DaeBak/DaeBak.entitlements;
				CODE_SIGN_STYLE = Automatic;
				CURRENT_PROJECT_VERSION = 1;
				DEVELOPMENT_ASSET_PATHS = "\"DaeBak/Preview Content\"";
				DEVELOPMENT_TEAM = M77NF8ZX2R;
				ENABLE_HARDENED_RUNTIME = YES;
				ENABLE_PREVIEWS = YES;
				GENERATE_INFOPLIST_FILE = YES;
				INFOPLIST_FILE = DaeBak/Info.plist;
				INFOPLIST_KEY_CFBundleDisplayName = DBak;
				INFOPLIST_KEY_LSApplicationCategoryType = "public.app-category.entertainment";
				"INFOPLIST_KEY_UIApplicationSceneManifest_Generation[sdk=iphoneos*]" = YES;
				"INFOPLIST_KEY_UIApplicationSceneManifest_Generation[sdk=iphonesimulator*]" = YES;
				"INFOPLIST_KEY_UIApplicationSupportsIndirectInputEvents[sdk=iphoneos*]" = YES;
				"INFOPLIST_KEY_UIApplicationSupportsIndirectInputEvents[sdk=iphonesimulator*]" = YES;
				"INFOPLIST_KEY_UILaunchScreen_Generation[sdk=iphoneos*]" = YES;
				"INFOPLIST_KEY_UILaunchScreen_Generation[sdk=iphonesimulator*]" = YES;
				"INFOPLIST_KEY_UIStatusBarStyle[sdk=iphoneos*]" = UIStatusBarStyleDefault;
				"INFOPLIST_KEY_UIStatusBarStyle[sdk=iphonesimulator*]" = UIStatusBarStyleDefault;
				INFOPLIST_KEY_UISupportedInterfaceOrientations = "UIInterfaceOrientationLandscapeLeft UIInterfaceOrientationLandscapeRight UIInterfaceOrientationPortrait";
				INFOPLIST_KEY_UISupportedInterfaceOrientations_iPad = "UIInterfaceOrientationLandscapeLeft UIInterfaceOrientationLandscapeRight UIInterfaceOrientationPortrait UIInterfaceOrientationPortraitUpsideDown";
				IPHONEOS_DEPLOYMENT_TARGET = 17.6;
				LD_RUNPATH_SEARCH_PATHS = "@executable_path/Frameworks";
				"LD_RUNPATH_SEARCH_PATHS[sdk=macosx*]" = "@executable_path/../Frameworks";
				MACOSX_DEPLOYMENT_TARGET = 14.0;
				MARKETING_VERSION = 1.0.4;
				PRODUCT_BUNDLE_IDENTIFIER = com.myeongjin.DaeBak;
				PRODUCT_NAME = "$(TARGET_NAME)";
				SDKROOT = auto;
				SUPPORTED_PLATFORMS = "iphoneos iphonesimulator";
				SUPPORTS_MACCATALYST = NO;
				SWIFT_EMIT_LOC_STRINGS = YES;
				SWIFT_VERSION = 5.0;
				TARGETED_DEVICE_FAMILY = 1;
				XROS_DEPLOYMENT_TARGET = 2.2;
			};
			name = Release;
		};
		CBC69AEC2D3516EB0007B350 /* Debug */ = {
			isa = XCBuildConfiguration;
			buildSettings = {
				ALWAYS_SEARCH_USER_PATHS = NO;
				ASSETCATALOG_COMPILER_GENERATE_SWIFT_ASSET_SYMBOL_EXTENSIONS = YES;
				CLANG_ANALYZER_NONNULL = YES;
				CLANG_ANALYZER_NUMBER_OBJECT_CONVERSION = YES_AGGRESSIVE;
				CLANG_CXX_LANGUAGE_STANDARD = "gnu++20";
				CLANG_ENABLE_MODULES = YES;
				CLANG_ENABLE_OBJC_ARC = YES;
				CLANG_ENABLE_OBJC_WEAK = YES;
				CLANG_WARN_BLOCK_CAPTURE_AUTORELEASING = YES;
				CLANG_WARN_BOOL_CONVERSION = YES;
				CLANG_WARN_COMMA = YES;
				CLANG_WARN_CONSTANT_CONVERSION = YES;
				CLANG_WARN_DEPRECATED_OBJC_IMPLEMENTATIONS = YES;
				CLANG_WARN_DIRECT_OBJC_ISA_USAGE = YES_ERROR;
				CLANG_WARN_DOCUMENTATION_COMMENTS = YES;
				CLANG_WARN_EMPTY_BODY = YES;
				CLANG_WARN_ENUM_CONVERSION = YES;
				CLANG_WARN_INFINITE_RECURSION = YES;
				CLANG_WARN_INT_CONVERSION = YES;
				CLANG_WARN_NON_LITERAL_NULL_CONVERSION = YES;
				CLANG_WARN_OBJC_IMPLICIT_RETAIN_SELF = YES;
				CLANG_WARN_OBJC_LITERAL_CONVERSION = YES;
				CLANG_WARN_OBJC_ROOT_CLASS = YES_ERROR;
				CLANG_WARN_QUOTED_INCLUDE_IN_FRAMEWORK_HEADER = YES;
				CLANG_WARN_RANGE_LOOP_ANALYSIS = YES;
				CLANG_WARN_STRICT_PROTOTYPES = YES;
				CLANG_WARN_SUSPICIOUS_MOVE = YES;
				CLANG_WARN_UNGUARDED_AVAILABILITY = YES_AGGRESSIVE;
				CLANG_WARN_UNREACHABLE_CODE = YES;
				CLANG_WARN__DUPLICATE_METHOD_MATCH = YES;
				COPY_PHASE_STRIP = NO;
				DEBUG_INFORMATION_FORMAT = dwarf;
				ENABLE_STRICT_OBJC_MSGSEND = YES;
				ENABLE_TESTABILITY = YES;
				ENABLE_USER_SCRIPT_SANDBOXING = YES;
				GCC_C_LANGUAGE_STANDARD = gnu17;
				GCC_DYNAMIC_NO_PIC = NO;
				GCC_NO_COMMON_BLOCKS = YES;
				GCC_OPTIMIZATION_LEVEL = 0;
				GCC_PREPROCESSOR_DEFINITIONS = (
					"DEBUG=1",
					"$(inherited)",
				);
				GCC_WARN_64_TO_32_BIT_CONVERSION = YES;
				GCC_WARN_ABOUT_RETURN_TYPE = YES_ERROR;
				GCC_WARN_UNDECLARED_SELECTOR = YES;
				GCC_WARN_UNINITIALIZED_AUTOS = YES_AGGRESSIVE;
				GCC_WARN_UNUSED_FUNCTION = YES;
				GCC_WARN_UNUSED_VARIABLE = YES;
				LOCALIZATION_PREFERS_STRING_CATALOGS = YES;
				MTL_ENABLE_DEBUG_INFO = INCLUDE_SOURCE;
				MTL_FAST_MATH = YES;
				ONLY_ACTIVE_ARCH = YES;
				SWIFT_ACTIVE_COMPILATION_CONDITIONS = "DEBUG $(inherited)";
				SWIFT_OPTIMIZATION_LEVEL = "-Onone";
			};
			name = Debug;
		};
		CBC69AED2D3516EB0007B350 /* Release */ = {
			isa = XCBuildConfiguration;
			buildSettings = {
				ALWAYS_SEARCH_USER_PATHS = NO;
				ASSETCATALOG_COMPILER_GENERATE_SWIFT_ASSET_SYMBOL_EXTENSIONS = YES;
				CLANG_ANALYZER_NONNULL = YES;
				CLANG_ANALYZER_NUMBER_OBJECT_CONVERSION = YES_AGGRESSIVE;
				CLANG_CXX_LANGUAGE_STANDARD = "gnu++20";
				CLANG_ENABLE_MODULES = YES;
				CLANG_ENABLE_OBJC_ARC = YES;
				CLANG_ENABLE_OBJC_WEAK = YES;
				CLANG_WARN_BLOCK_CAPTURE_AUTORELEASING = YES;
				CLANG_WARN_BOOL_CONVERSION = YES;
				CLANG_WARN_COMMA = YES;
				CLANG_WARN_CONSTANT_CONVERSION = YES;
				CLANG_WARN_DEPRECATED_OBJC_IMPLEMENTATIONS = YES;
				CLANG_WARN_DIRECT_OBJC_ISA_USAGE = YES_ERROR;
				CLANG_WARN_DOCUMENTATION_COMMENTS = YES;
				CLANG_WARN_EMPTY_BODY = YES;
				CLANG_WARN_ENUM_CONVERSION = YES;
				CLANG_WARN_INFINITE_RECURSION = YES;
				CLANG_WARN_INT_CONVERSION = YES;
				CLANG_WARN_NON_LITERAL_NULL_CONVERSION = YES;
				CLANG_WARN_OBJC_IMPLICIT_RETAIN_SELF = YES;
				CLANG_WARN_OBJC_LITERAL_CONVERSION = YES;
				CLANG_WARN_OBJC_ROOT_CLASS = YES_ERROR;
				CLANG_WARN_QUOTED_INCLUDE_IN_FRAMEWORK_HEADER = YES;
				CLANG_WARN_RANGE_LOOP_ANALYSIS = YES;
				CLANG_WARN_STRICT_PROTOTYPES = YES;
				CLANG_WARN_SUSPICIOUS_MOVE = YES;
				CLANG_WARN_UNGUARDED_AVAILABILITY = YES_AGGRESSIVE;
				CLANG_WARN_UNREACHABLE_CODE = YES;
				CLANG_WARN__DUPLICATE_METHOD_MATCH = YES;
				COPY_PHASE_STRIP = NO;
				DEBUG_INFORMATION_FORMAT = "dwarf-with-dsym";
				ENABLE_NS_ASSERTIONS = NO;
				ENABLE_STRICT_OBJC_MSGSEND = YES;
				ENABLE_USER_SCRIPT_SANDBOXING = YES;
				GCC_C_LANGUAGE_STANDARD = gnu17;
				GCC_NO_COMMON_BLOCKS = YES;
				GCC_WARN_64_TO_32_BIT_CONVERSION = YES;
				GCC_WARN_ABOUT_RETURN_TYPE = YES_ERROR;
				GCC_WARN_UNDECLARED_SELECTOR = YES;
				GCC_WARN_UNINITIALIZED_AUTOS = YES_AGGRESSIVE;
				GCC_WARN_UNUSED_FUNCTION = YES;
				GCC_WARN_UNUSED_VARIABLE = YES;
				LOCALIZATION_PREFERS_STRING_CATALOGS = YES;
				MTL_ENABLE_DEBUG_INFO = NO;
				MTL_FAST_MATH = YES;
				SWIFT_COMPILATION_MODE = wholemodule;
			};
			name = Release;
		};
		CBC69AEF2D3516EB0007B350 /* Debug */ = {
			isa = XCBuildConfiguration;
			buildSettings = {
				BUNDLE_LOADER = "$(TEST_HOST)";
				CODE_SIGN_STYLE = Automatic;
				CURRENT_PROJECT_VERSION = 1;
				DEVELOPMENT_TEAM = M77NF8ZX2R;
				GENERATE_INFOPLIST_FILE = YES;
				IPHONEOS_DEPLOYMENT_TARGET = 18.2;
				MACOSX_DEPLOYMENT_TARGET = 15.1;
				MARKETING_VERSION = 1.0;
				PRODUCT_BUNDLE_IDENTIFIER = com.myeongjin.DaeBakTests;
				PRODUCT_NAME = "$(TARGET_NAME)";
				SDKROOT = auto;
				SUPPORTED_PLATFORMS = "iphoneos iphonesimulator macosx xros xrsimulator";
				SUPPORTS_MACCATALYST = NO;
				SWIFT_EMIT_LOC_STRINGS = NO;
				SWIFT_VERSION = 5.0;
				TARGETED_DEVICE_FAMILY = "1,7";
				TEST_HOST = "$(BUILT_PRODUCTS_DIR)/DaeBak.app/$(BUNDLE_EXECUTABLE_FOLDER_PATH)/DaeBak";
				XROS_DEPLOYMENT_TARGET = 2.2;
			};
			name = Debug;
		};
		CBC69AF02D3516EB0007B350 /* Release */ = {
			isa = XCBuildConfiguration;
			buildSettings = {
				BUNDLE_LOADER = "$(TEST_HOST)";
				CODE_SIGN_STYLE = Automatic;
				CURRENT_PROJECT_VERSION = 1;
				DEVELOPMENT_TEAM = M77NF8ZX2R;
				GENERATE_INFOPLIST_FILE = YES;
				IPHONEOS_DEPLOYMENT_TARGET = 18.2;
				MACOSX_DEPLOYMENT_TARGET = 15.1;
				MARKETING_VERSION = 1.0;
				PRODUCT_BUNDLE_IDENTIFIER = com.myeongjin.DaeBakTests;
				PRODUCT_NAME = "$(TARGET_NAME)";
				SDKROOT = auto;
				SUPPORTED_PLATFORMS = "iphoneos iphonesimulator macosx xros xrsimulator";
				SUPPORTS_MACCATALYST = NO;
				SWIFT_EMIT_LOC_STRINGS = NO;
				SWIFT_VERSION = 5.0;
				TARGETED_DEVICE_FAMILY = "1,7";
				TEST_HOST = "$(BUILT_PRODUCTS_DIR)/DaeBak.app/$(BUNDLE_EXECUTABLE_FOLDER_PATH)/DaeBak";
				XROS_DEPLOYMENT_TARGET = 2.2;
			};
			name = Release;
		};
		CBC69AF22D3516EB0007B350 /* Debug */ = {
			isa = XCBuildConfiguration;
			buildSettings = {
				CODE_SIGN_STYLE = Automatic;
				CURRENT_PROJECT_VERSION = 1;
				DEVELOPMENT_TEAM = M77NF8ZX2R;
				GENERATE_INFOPLIST_FILE = YES;
				IPHONEOS_DEPLOYMENT_TARGET = 18.2;
				MACOSX_DEPLOYMENT_TARGET = 15.1;
				MARKETING_VERSION = 1.0;
				PRODUCT_BUNDLE_IDENTIFIER = com.myeongjin.DaeBakUITests;
				PRODUCT_NAME = "$(TARGET_NAME)";
				SDKROOT = auto;
				SUPPORTED_PLATFORMS = "iphoneos iphonesimulator macosx xros xrsimulator";
				SUPPORTS_MACCATALYST = NO;
				SWIFT_EMIT_LOC_STRINGS = NO;
				SWIFT_VERSION = 5.0;
				TARGETED_DEVICE_FAMILY = "1,7";
				TEST_TARGET_NAME = DaeBak;
				XROS_DEPLOYMENT_TARGET = 2.2;
			};
			name = Debug;
		};
		CBC69AF32D3516EB0007B350 /* Release */ = {
			isa = XCBuildConfiguration;
			buildSettings = {
				CODE_SIGN_STYLE = Automatic;
				CURRENT_PROJECT_VERSION = 1;
				DEVELOPMENT_TEAM = M77NF8ZX2R;
				GENERATE_INFOPLIST_FILE = YES;
				IPHONEOS_DEPLOYMENT_TARGET = 18.2;
				MACOSX_DEPLOYMENT_TARGET = 15.1;
				MARKETING_VERSION = 1.0;
				PRODUCT_BUNDLE_IDENTIFIER = com.myeongjin.DaeBakUITests;
				PRODUCT_NAME = "$(TARGET_NAME)";
				SDKROOT = auto;
				SUPPORTED_PLATFORMS = "iphoneos iphonesimulator macosx xros xrsimulator";
				SUPPORTS_MACCATALYST = NO;
				SWIFT_EMIT_LOC_STRINGS = NO;
				SWIFT_VERSION = 5.0;
				TARGETED_DEVICE_FAMILY = "1,7";
				TEST_TARGET_NAME = DaeBak;
				XROS_DEPLOYMENT_TARGET = 2.2;
			};
			name = Release;
		};
/* End XCBuildConfiguration section */

/* Begin XCConfigurationList section */
		CBC69ABD2D3516EA0007B350 /* Build configuration list for PBXProject "DaeBak" */ = {
			isa = XCConfigurationList;
			buildConfigurations = (
				CBC69AEC2D3516EB0007B350 /* Debug */,
				CBC69AED2D3516EB0007B350 /* Release */,
			);
			defaultConfigurationIsVisible = 0;
			defaultConfigurationName = Release;
		};
		CBC69AE92D3516EB0007B350 /* Build configuration list for PBXNativeTarget "DaeBak" */ = {
			isa = XCConfigurationList;
			buildConfigurations = (
				CBC69AEA2D3516EB0007B350 /* Debug */,
				CBC69AEB2D3516EB0007B350 /* Release */,
			);
			defaultConfigurationIsVisible = 0;
			defaultConfigurationName = Release;
		};
		CBC69AEE2D3516EB0007B350 /* Build configuration list for PBXNativeTarget "DaeBakTests" */ = {
			isa = XCConfigurationList;
			buildConfigurations = (
				CBC69AEF2D3516EB0007B350 /* Debug */,
				CBC69AF02D3516EB0007B350 /* Release */,
			);
			defaultConfigurationIsVisible = 0;
			defaultConfigurationName = Release;
		};
		CBC69AF12D3516EB0007B350 /* Build configuration list for PBXNativeTarget "DaeBakUITests" */ = {
			isa = XCConfigurationList;
			buildConfigurations = (
				CBC69AF22D3516EB0007B350 /* Debug */,
				CBC69AF32D3516EB0007B350 /* Release */,
			);
			defaultConfigurationIsVisible = 0;
			defaultConfigurationName = Release;
		};
/* End XCConfigurationList section */

/* Begin XCRemoteSwiftPackageReference section */
		CB7834922D395772006D8379 /* XCRemoteSwiftPackageReference "YouTubePlayerKit" */ = {
			isa = XCRemoteSwiftPackageReference;
			repositoryURL = "https://github.com/SvenTiigi/YouTubePlayerKit";
			requirement = {
				kind = upToNextMajorVersion;
				minimumVersion = 1.9.0;
			};
		};
/* End XCRemoteSwiftPackageReference section */

/* Begin XCSwiftPackageProductDependency section */
		CB7834932D395772006D8379 /* YouTubePlayerKit */ = {
			isa = XCSwiftPackageProductDependency;
			package = CB7834922D395772006D8379 /* XCRemoteSwiftPackageReference "YouTubePlayerKit" */;
			productName = YouTubePlayerKit;
		};
/* End XCSwiftPackageProductDependency section */
	};
	rootObject = CBC69ABA2D3516EA0007B350 /* Project object */;
}
